
Microsoft Visual Studio Solution File, Format Version 12.00
# Visual Studio Version 17
VisualStudioVersion = 17.14.36212.18 d17.14
MinimumVisualStudioVersion = 10.0.40219.1
Project("{FAE04EC0-301F-11D3-BF4B-00C04F79EFBC}") = "QuanLyThuVien", "QuanLyThuVien\QuanLyThuVien.csproj", "{8C13EA1B-4C38-4BEE-9293-1AFBD8E36DB2}"
EndProject
Global
	GlobalSection(SolutionConfigurationPlatforms) = preSolution
		Debug|Any CPU = Debug|Any CPU
		Release|Any CPU = Release|Any CPU
	EndGlobalSection
	GlobalSection(ProjectConfigurationPlatforms) = postSolution
		{8C13EA1B-4C38-4BEE-9293-1AFBD8E36DB2}.Debug|Any CPU.ActiveCfg = Debug|Any CPU
		{8C13EA1B-4C38-4BEE-9293-1AFBD8E36DB2}.Debug|Any CPU.Build.0 = Debug|Any CPU
		{8C13EA1B-4C38-4BEE-9293-1AFBD8E36DB2}.Release|Any CPU.ActiveCfg = Release|Any CPU
		{8C13EA1B-4C38-4BEE-9293-1AFBD8E36DB2}.Release|Any CPU.Build.0 = Release|Any CPU
	EndGlobalSection
	GlobalSection(SolutionProperties) = preSolution
		HideSolutionNode = FALSE
	EndGlobalSection
	GlobalSection(ExtensibilityGlobals) = postSolution
		SolutionGuid = {B9E9B72B-58BD-4E21-B33C-4E3C0E063443}
	EndGlobalSection
EndGlobal
